
Microsoft Visual Studio Solution File, Format Version 12.00
# Visual Studio Version 17
VisualStudioVersion = 17.12.35527.113
MinimumVisualStudioVersion = 10.0.40219.1
Project("{FAE04EC0-301F-11D3-BF4B-00C04F79EFBC}") = "DesignPatternsNet", "DesignPatternsNet\DesignPatternsNet.csproj", "{649F7EDB-810F-4E4C-8A99-B4F9CC671E58}"
EndProject
Project("{FAE04EC0-301F-11D3-BF4B-00C04F79EFBC}") = "Singleton", "Singleton\Singleton.csproj", "{61AB1A3C-0E1A-4F8D-8F86-07C03437C2F7}"
EndProject
Project("{FAE04EC0-301F-11D3-BF4B-00C04F79EFBC}") = "FactoryMethod", "FactoryPattern\FactoryMethod.csproj", "{90880A24-ABFD-4DAC-A00B-F07EDA61B955}"
EndProject
Project("{FAE04EC0-301F-11D3-BF4B-00C04F79EFBC}") = "Dependency Injection", "Dependency Injection\Dependency Injection.csproj", "{FEC818C0-1DB7-46BA-9F2A-69004D11831D}"
EndProject
Project("{FAE04EC0-301F-11D3-BF4B-00C04F79EFBC}") = "Repository", "Repository\Repository.csproj", "{AD7EEC0D-AD81-4E4D-A987-BEDB80A91004}"
EndProject
Project("{FAE04EC0-301F-11D3-BF4B-00C04F79EFBC}") = "UnitOfWork", "UnitOfWork\UnitOfWork.csproj", "{346EB5C5-2CD0-48EB-929B-612AFFC3E0B8}"
EndProject
Project("{FAE04EC0-301F-11D3-BF4B-00C04F79EFBC}") = "Strategy", "Strategy\Strategy.csproj", "{8A95E126-CEBB-4718-817D-69B6C0CABA64}"
EndProject
Project("{FAE04EC0-301F-11D3-BF4B-00C04F79EFBC}") = "Builder", "Builder\Builder.csproj", "{7D960EBB-4A84-4EE4-B27B-C4D659A1E184}"
EndProject
Project("{FAE04EC0-301F-11D3-BF4B-00C04F79EFBC}") = "State", "State\State.csproj", "{398125F8-DAAC-44F9-8301-81E26E566955}"
EndProject
Global
	GlobalSection(SolutionConfigurationPlatforms) = preSolution
		Debug|Any CPU = Debug|Any CPU
		Release|Any CPU = Release|Any CPU
	EndGlobalSection
	GlobalSection(ProjectConfigurationPlatforms) = postSolution
		{649F7EDB-810F-4E4C-8A99-B4F9CC671E58}.Debug|Any CPU.ActiveCfg = Debug|Any CPU
		{649F7EDB-810F-4E4C-8A99-B4F9CC671E58}.Debug|Any CPU.Build.0 = Debug|Any CPU
		{649F7EDB-810F-4E4C-8A99-B4F9CC671E58}.Release|Any CPU.ActiveCfg = Release|Any CPU
		{649F7EDB-810F-4E4C-8A99-B4F9CC671E58}.Release|Any CPU.Build.0 = Release|Any CPU
		{61AB1A3C-0E1A-4F8D-8F86-07C03437C2F7}.Debug|Any CPU.ActiveCfg = Debug|Any CPU
		{61AB1A3C-0E1A-4F8D-8F86-07C03437C2F7}.Debug|Any CPU.Build.0 = Debug|Any CPU
		{61AB1A3C-0E1A-4F8D-8F86-07C03437C2F7}.Release|Any CPU.ActiveCfg = Release|Any CPU
		{61AB1A3C-0E1A-4F8D-8F86-07C03437C2F7}.Release|Any CPU.Build.0 = Release|Any CPU
		{90880A24-ABFD-4DAC-A00B-F07EDA61B955}.Debug|Any CPU.ActiveCfg = Debug|Any CPU
		{90880A24-ABFD-4DAC-A00B-F07EDA61B955}.Debug|Any CPU.Build.0 = Debug|Any CPU
		{90880A24-ABFD-4DAC-A00B-F07EDA61B955}.Release|Any CPU.ActiveCfg = Release|Any CPU
		{90880A24-ABFD-4DAC-A00B-F07EDA61B955}.Release|Any CPU.Build.0 = Release|Any CPU
		{FEC818C0-1DB7-46BA-9F2A-69004D11831D}.Debug|Any CPU.ActiveCfg = Debug|Any CPU
		{FEC818C0-1DB7-46BA-9F2A-69004D11831D}.Debug|Any CPU.Build.0 = Debug|Any CPU
		{FEC818C0-1DB7-46BA-9F2A-69004D11831D}.Release|Any CPU.ActiveCfg = Release|Any CPU
		{FEC818C0-1DB7-46BA-9F2A-69004D11831D}.Release|Any CPU.Build.0 = Release|Any CPU
		{AD7EEC0D-AD81-4E4D-A987-BEDB80A91004}.Debug|Any CPU.ActiveCfg = Debug|Any CPU
		{AD7EEC0D-AD81-4E4D-A987-BEDB80A91004}.Debug|Any CPU.Build.0 = Debug|Any CPU
		{AD7EEC0D-AD81-4E4D-A987-BEDB80A91004}.Release|Any CPU.ActiveCfg = Release|Any CPU
		{AD7EEC0D-AD81-4E4D-A987-BEDB80A91004}.Release|Any CPU.Build.0 = Release|Any CPU
		{346EB5C5-2CD0-48EB-929B-612AFFC3E0B8}.Debug|Any CPU.ActiveCfg = Debug|Any CPU
		{346EB5C5-2CD0-48EB-929B-612AFFC3E0B8}.Debug|Any CPU.Build.0 = Debug|Any CPU
		{346EB5C5-2CD0-48EB-929B-612AFFC3E0B8}.Release|Any CPU.ActiveCfg = Release|Any CPU
		{346EB5C5-2CD0-48EB-929B-612AFFC3E0B8}.Release|Any CPU.Build.0 = Release|Any CPU
		{8A95E126-CEBB-4718-817D-69B6C0CABA64}.Debug|Any CPU.ActiveCfg = Debug|Any CPU
		{8A95E126-CEBB-4718-817D-69B6C0CABA64}.Debug|Any CPU.Build.0 = Debug|Any CPU
		{8A95E126-CEBB-4718-817D-69B6C0CABA64}.Release|Any CPU.ActiveCfg = Release|Any CPU
		{8A95E126-CEBB-4718-817D-69B6C0CABA64}.Release|Any CPU.Build.0 = Release|Any CPU
		{7D960EBB-4A84-4EE4-B27B-C4D659A1E184}.Debug|Any CPU.ActiveCfg = Debug|Any CPU
		{7D960EBB-4A84-4EE4-B27B-C4D659A1E184}.Debug|Any CPU.Build.0 = Debug|Any CPU
		{7D960EBB-4A84-4EE4-B27B-C4D659A1E184}.Release|Any CPU.ActiveCfg = Release|Any CPU
		{7D960EBB-4A84-4EE4-B27B-C4D659A1E184}.Release|Any CPU.Build.0 = Release|Any CPU
		{398125F8-DAAC-44F9-8301-81E26E566955}.Debug|Any CPU.ActiveCfg = Debug|Any CPU
		{398125F8-DAAC-44F9-8301-81E26E566955}.Debug|Any CPU.Build.0 = Debug|Any CPU
		{398125F8-DAAC-44F9-8301-81E26E566955}.Release|Any CPU.ActiveCfg = Release|Any CPU
		{398125F8-DAAC-44F9-8301-81E26E566955}.Release|Any CPU.Build.0 = Release|Any CPU
	EndGlobalSection
	GlobalSection(SolutionProperties) = preSolution
		HideSolutionNode = FALSE
	EndGlobalSection
EndGlobal
